// !$*UTF8*$!
{
	archiveVersion = 1;
	classes = {
	};
	objectVersion = 50;
	objects = {

/* Begin PBXBuildFile section */
		A95FE011245F1E8A00730804 /* AppDelegate.swift in Sources */ = {isa = PBXBuildFile; fileRef = A95FE010245F1E8A00730804 /* AppDelegate.swift */; };
		A95FE013245F1E8A00730804 /* SceneDelegate.swift in Sources */ = {isa = PBXBuildFile; fileRef = A95FE012245F1E8A00730804 /* SceneDelegate.swift */; };
		A95FE015245F1E8A00730804 /* ViewController.swift in Sources */ = {isa = PBXBuildFile; fileRef = A95FE014245F1E8A00730804 /* ViewController.swift */; };
		A95FE018245F1E8A00730804 /* Main.storyboard in Resources */ = {isa = PBXBuildFile; fileRef = A95FE016245F1E8A00730804 /* Main.storyboard */; };
		A95FE01A245F1E8F00730804 /* Assets.xcassets in Resources */ = {isa = PBXBuildFile; fileRef = A95FE019245F1E8F00730804 /* Assets.xcassets */; };
		A95FE01D245F1E8F00730804 /* LaunchScreen.storyboard in Resources */ = {isa = PBXBuildFile; fileRef = A95FE01B245F1E8F00730804 /* LaunchScreen.storyboard */; };
		A95FE026245F20F800730804 /* Card.swift in Sources */ = {isa = PBXBuildFile; fileRef = A95FE025245F20F800730804 /* Card.swift */; };
		A95FE028245F211500730804 /* CardsContainer.swift in Sources */ = {isa = PBXBuildFile; fileRef = A95FE027245F211500730804 /* CardsContainer.swift */; };
/* End PBXBuildFile section */

/* Begin PBXFileReference section */
		A95FE00D245F1E8A00730804 /* CardViews.app */ = {isa = PBXFileReference; explicitFileType = wrapper.application; includeInIndex = 0; path = CardViews.app; sourceTree = BUILT_PRODUCTS_DIR; };
		A95FE010245F1E8A00730804 /* AppDelegate.swift */ = {isa = PBXFileReference; lastKnownFileType = sourcecode.swift; path = AppDelegate.swift; sourceTree = "<group>"; };
		A95FE012245F1E8A00730804 /* SceneDelegate.swift */ = {isa = PBXFileReference; lastKnownFileType = sourcecode.swift; path = SceneDelegate.swift; sourceTree = "<group>"; };
		A95FE014245F1E8A00730804 /* ViewController.swift */ = {isa = PBXFileReference; lastKnownFileType = sourcecode.swift; path = ViewController.swift; sourceTree = "<group>"; };
		A95FE017245F1E8A00730804 /* Base */ = {isa = PBXFileReference; lastKnownFileType = file.storyboard; name = Base; path = Base.lproj/Main.storyboard; sourceTree = "<group>"; };
		A95FE019245F1E8F00730804 /* Assets.xcassets */ = {isa = PBXFileReference; lastKnownFileType = folder.assetcatalog; path = Assets.xcassets; sourceTree = "<group>"; };
		A95FE01C245F1E8F00730804 /* Base */ = {isa = PBXFileReference; lastKnownFileType = file.storyboard; name = Base; path = Base.lproj/LaunchScreen.storyboard; sourceTree = "<group>"; };
		A95FE01E245F1E8F00730804 /* Info.plist */ = {isa = PBXFileReference; lastKnownFileType = text.plist.xml; path = Info.plist; sourceTree = "<group>"; };
		A95FE025245F20F800730804 /* Card.swift */ = {isa = PBXFileReference; lastKnownFileType = sourcecode.swift; path = Card.swift; sourceTree = "<group>"; };
		A95FE027245F211500730804 /* CardsContainer.swift */ = {isa = PBXFileReference; lastKnownFileType = sourcecode.swift; path = CardsContainer.swift; sourceTree = "<group>"; };
/* End PBXFileReference section */

/* Begin PBXFrameworksBuildPhase section */
		A95FE00A245F1E8A00730804 /* Frameworks */ = {
			isa = PBXFrameworksBuildPhase;
			buildActionMask = 2147483647;
			files = (
			);
			runOnlyForDeploymentPostprocessing = 0;
		};
/* End PBXFrameworksBuildPhase section */

/* Begin PBXGroup section */
		A95FE004245F1E8A00730804 = {
			isa = PBXGroup;
			children = (
				A95FE00F245F1E8A00730804 /* CardViews */,
				A95FE00E245F1E8A00730804 /* Products */,
			);
			sourceTree = "<group>";
		};
		A95FE00E245F1E8A00730804 /* Products */ = {
			isa = PBXGroup;
			children = (
				A95FE00D245F1E8A00730804 /* CardViews.app */,
			);
			name = Products;
			sourceTree = "<group>";
		};
		A95FE00F245F1E8A00730804 /* CardViews */ = {
			isa = PBXGroup;
			children = (
				A95FE024245F20D300730804 /* Swipe Cards */,
				A95FE010245F1E8A00730804 /* AppDelegate.swift */,
				A95FE012245F1E8A00730804 /* SceneDelegate.swift */,
				A95FE014245F1E8A00730804 /* ViewController.swift */,
				A95FE016245F1E8A00730804 /* Main.storyboard */,
				A95FE019245F1E8F00730804 /* Assets.xcassets */,
				A95FE01B245F1E8F00730804 /* LaunchScreen.storyboard */,
				A95FE01E245F1E8F00730804 /* Info.plist */,
			);
			path = CardViews;
			sourceTree = "<group>";
		};
		A95FE024245F20D300730804 /* Swipe Cards */ = {
			isa = PBXGroup;
			children = (
				A95FE025245F20F800730804 /* Card.swift */,
				A95FE027245F211500730804 /* CardsContainer.swift */,
			);
			path = "Swipe Cards";
			sourceTree = "<group>";
		};
/* End PBXGroup section */

/* Begin PBXNativeTarget section */
		A95FE00C245F1E8A00730804 /* CardViews */ = {
			isa = PBXNativeTarget;
			buildConfigurationList = A95FE021245F1E8F00730804 /* Build configuration list for PBXNativeTarget "CardViews" */;
			buildPhases = (
				A95FE009245F1E8A00730804 /* Sources */,
				A95FE00A245F1E8A00730804 /* Frameworks */,
				A95FE00B245F1E8A00730804 /* Resources */,
			);
			buildRules = (
			);
			dependencies = (
			);
			name = CardViews;
			productName = CardViews;
			productReference = A95FE00D245F1E8A00730804 /* CardViews.app */;
			productType = "com.apple.product-type.application";
		};
/* End PBXNativeTarget section */

/* Begin PBXProject section */
		A95FE005245F1E8A00730804 /* Project object */ = {
			isa = PBXProject;
			attributes = {
				LastSwiftUpdateCheck = 1130;
				LastUpgradeCheck = 1130;
				ORGANIZATIONNAME = "Katalin Neda";
				TargetAttributes = {
					A95FE00C245F1E8A00730804 = {
						CreatedOnToolsVersion = 11.3.1;
					};
				};
			};
			buildConfigurationList = A95FE008245F1E8A00730804 /* Build configuration list for PBXProject "CardViews" */;
			compatibilityVersion = "Xcode 9.3";
			developmentRegion = en;
			hasScannedForEncodings = 0;
			knownRegions = (
				en,
				Base,
			);
			mainGroup = A95FE004245F1E8A00730804;
			productRefGroup = A95FE00E245F1E8A00730804 /* Products */;
			projectDirPath = "";
			projectRoot = "";
			targets = (
				A95FE00C245F1E8A00730804 /* CardViews */,
			);
		};
/* End PBXProject section */

/* Begin PBXResourcesBuildPhase section */
		A95FE00B245F1E8A00730804 /* Resources */ = {
			isa = PBXResourcesBuildPhase;
			buildActionMask = 2147483647;
			files = (
				A95FE01D245F1E8F00730804 /* LaunchScreen.storyboard in Resources */,
				A95FE01A245F1E8F00730804 /* Assets.xcassets in Resources */,
				A95FE018245F1E8A00730804 /* Main.storyboard in Resources */,
			);
			runOnlyForDeploymentPostprocessing = 0;
		};
/* End PBXResourcesBuildPhase section */

/* Begin PBXSourcesBuildPhase section */
		A95FE009245F1E8A00730804 /* Sources */ = {
			isa = PBXSourcesBuildPhase;
			buildActionMask = 2147483647;
			files = (
				A95FE028245F211500730804 /* CardsContainer.swift in Sources */,
				A95FE026245F20F800730804 /* Card.swift in Sources */,
				A95FE015245F1E8A00730804 /* ViewController.swift in Sources */,
				A95FE011245F1E8A00730804 /* AppDelegate.swift in Sources */,
				A95FE013245F1E8A00730804 /* SceneDelegate.swift in Sources */,
			);
			runOnlyForDeploymentPostprocessing = 0;
		};
/* End PBXSourcesBuildPhase section */

/* Begin PBXVariantGroup section */
		A95FE016245F1E8A00730804 /* Main.storyboard */ = {
			isa = PBXVariantGroup;
			children = (
				A95FE017245F1E8A00730804 /* Base */,
			);
			name = Main.storyboard;
			sourceTree = "<group>";
		};
		A95FE01B245F1E8F00730804 /* LaunchScreen.storyboard */ = {
			isa = PBXVariantGroup;
			children = (
				A95FE01C245F1E8F00730804 /* Base */,
			);
			name = LaunchScreen.storyboard;
			sourceTree = "<group>";
		};
/* End PBXVariantGroup section */

/* Begin XCBuildConfiguration section */
		A95FE01F245F1E8F00730804 /* Debug */ = {
			isa = XCBuildConfiguration;
			buildSettings = {
				ALWAYS_SEARCH_USER_PATHS = NO;
				CLANG_ANALYZER_NONNULL = YES;
				CLANG_ANALYZER_NUMBER_OBJECT_CONVERSION = YES_AGGRESSIVE;
				CLANG_CXX_LANGUAGE_STANDARD = "gnu++14";
				CLANG_CXX_LIBRARY = "libc++";
				CLANG_ENABLE_MODULES = YES;
				CLANG_ENABLE_OBJC_ARC = YES;
				CLANG_ENABLE_OBJC_WEAK = YES;
				CLANG_WARN_BLOCK_CAPTURE_AUTORELEASING = YES;
				CLANG_WARN_BOOL_CONVERSION = YES;
				CLANG_WARN_COMMA = YES;
				CLANG_WARN_CONSTANT_CONVERSION = YES;
				CLANG_WARN_DEPRECATED_OBJC_IMPLEMENTATIONS = YES;
				CLANG_WARN_DIRECT_OBJC_ISA_USAGE = YES_ERROR;
				CLANG_WARN_DOCUMENTATION_COMMENTS = YES;
				CLANG_WARN_EMPTY_BODY = YES;
				CLANG_WARN_ENUM_CONVERSION = YES;
				CLANG_WARN_INFINITE_RECURSION = YES;
				CLANG_WARN_INT_CONVERSION = YES;
				CLANG_WARN_NON_LITERAL_NULL_CONVERSION = YES;
				CLANG_WARN_OBJC_IMPLICIT_RETAIN_SELF = YES;
				CLANG_WARN_OBJC_LITERAL_CONVERSION = YES;
				CLANG_WARN_OBJC_ROOT_CLASS = YES_ERROR;
				CLANG_WARN_RANGE_LOOP_ANALYSIS = YES;
				CLANG_WARN_STRICT_PROTOTYPES = YES;
				CLANG_WARN_SUSPICIOUS_MOVE = YES;
				CLANG_WARN_UNGUARDED_AVAILABILITY = YES_AGGRESSIVE;
				CLANG_WARN_UNREACHABLE_CODE = YES;
				CLANG_WARN__DUPLICATE_METHOD_MATCH = YES;
				COPY_PHASE_STRIP = NO;
				DEBUG_INFORMATION_FORMAT = dwarf;
				ENABLE_STRICT_OBJC_MSGSEND = YES;
				ENABLE_TESTABILITY = YES;
				GCC_C_LANGUAGE_STANDARD = gnu11;
				GCC_DYNAMIC_NO_PIC = NO;
				GCC_NO_COMMON_BLOCKS = YES;
				GCC_OPTIMIZATION_LEVEL = 0;
				GCC_PREPROCESSOR_DEFINITIONS = (
					"DEBUG=1",
					"$(inherited)",
				);
				GCC_WARN_64_TO_32_BIT_CONVERSION = YES;
				GCC_WARN_ABOUT_RETURN_TYPE = YES_ERROR;
				GCC_WARN_UNDECLARED_SELECTOR = YES;
				GCC_WARN_UNINITIALIZED_AUTOS = YES_AGGRESSIVE;
				GCC_WARN_UNUSED_FUNCTION = YES;
				GCC_WARN_UNUSED_VARIABLE = YES;
				IPHONEOS_DEPLOYMENT_TARGET = 13.2;
				MTL_ENABLE_DEBUG_INFO = INCLUDE_SOURCE;
				MTL_FAST_MATH = YES;
				ONLY_ACTIVE_ARCH = YES;
				SDKROOT = iphoneos;
				SWIFT_ACTIVE_COMPILATION_CONDITIONS = DEBUG;
				SWIFT_OPTIMIZATION_LEVEL = "-Onone";
			};
			name = Debug;
		};
		A95FE020245F1E8F00730804 /* Release */ = {
			isa = XCBuildConfiguration;
			buildSettings = {
				ALWAYS_SEARCH_USER_PATHS = NO;
				CLANG_ANALYZER_NONNULL = YES;
				CLANG_ANALYZER_NUMBER_OBJECT_CONVERSION = YES_AGGRESSIVE;
				CLANG_CXX_LANGUAGE_STANDARD = "gnu++14";
				CLANG_CXX_LIBRARY = "libc++";
				CLANG_ENABLE_MODULES = YES;
				CLANG_ENABLE_OBJC_ARC = YES;
				CLANG_ENABLE_OBJC_WEAK = YES;
				CLANG_WARN_BLOCK_CAPTURE_AUTORELEASING = YES;
				CLANG_WARN_BOOL_CONVERSION = YES;
				CLANG_WARN_COMMA = YES;
				CLANG_WARN_CONSTANT_CONVERSION = YES;
				CLANG_WARN_DEPRECATED_OBJC_IMPLEMENTATIONS = YES;
				CLANG_WARN_DIRECT_OBJC_ISA_USAGE = YES_ERROR;
				CLANG_WARN_DOCUMENTATION_COMMENTS = YES;
				CLANG_WARN_EMPTY_BODY = YES;
				CLANG_WARN_ENUM_CONVERSION = YES;
				CLANG_WARN_INFINITE_RECURSION = YES;
				CLANG_WARN_INT_CONVERSION = YES;
				CLANG_WARN_NON_LITERAL_NULL_CONVERSION = YES;
				CLANG_WARN_OBJC_IMPLICIT_RETAIN_SELF = YES;
				CLANG_WARN_OBJC_LITERAL_CONVERSION = YES;
				CLANG_WARN_OBJC_ROOT_CLASS = YES_ERROR;
				CLANG_WARN_RANGE_LOOP_ANALYSIS = YES;
				CLANG_WARN_STRICT_PROTOTYPES = YES;
				CLANG_WARN_SUSPICIOUS_MOVE = YES;
				CLANG_WARN_UNGUARDED_AVAILABILITY = YES_AGGRESSIVE;
				CLANG_WARN_UNREACHABLE_CODE = YES;
				CLANG_WARN__DUPLICATE_METHOD_MATCH = YES;
				COPY_PHASE_STRIP = NO;
				DEBUG_INFORMATION_FORMAT = "dwarf-with-dsym";
				ENABLE_NS_ASSERTIONS = NO;
				ENABLE_STRICT_OBJC_MSGSEND = YES;
				GCC_C_LANGUAGE_STANDARD = gnu11;
				GCC_NO_COMMON_BLOCKS = YES;
				GCC_WARN_64_TO_32_BIT_CONVERSION = YES;
				GCC_WARN_ABOUT_RETURN_TYPE = YES_ERROR;
				GCC_WARN_UNDECLARED_SELECTOR = YES;
				GCC_WARN_UNINITIALIZED_AUTOS = YES_AGGRESSIVE;
				GCC_WARN_UNUSED_FUNCTION = YES;
				GCC_WARN_UNUSED_VARIABLE = YES;
				IPHONEOS_DEPLOYMENT_TARGET = 13.2;
				MTL_ENABLE_DEBUG_INFO = NO;
				MTL_FAST_MATH = YES;
				SDKROOT = iphoneos;
				SWIFT_COMPILATION_MODE = wholemodule;
				SWIFT_OPTIMIZATION_LEVEL = "-O";
				VALIDATE_PRODUCT = YES;
			};
			name = Release;
		};
		A95FE022245F1E8F00730804 /* Debug */ = {
			isa = XCBuildConfiguration;
			buildSettings = {
				ASSETCATALOG_COMPILER_APPICON_NAME = AppIcon;
				CODE_SIGN_STYLE = Automatic;
				DEVELOPMENT_TEAM = 5P26NUF2Q4;
				INFOPLIST_FILE = CardViews/Info.plist;
				LD_RUNPATH_SEARCH_PATHS = (
					"$(inherited)",
					"@executable_path/Frameworks",
				);
				PRODUCT_BUNDLE_IDENTIFIER = com.cards.CardViews;
				PRODUCT_NAME = "$(TARGET_NAME)";
				SWIFT_VERSION = 5.0;
				TARGETED_DEVICE_FAMILY = "1,2";
			};
			name = Debug;
		};
		A95FE023245F1E8F00730804 /* Release */ = {
			isa = XCBuildConfiguration;
			buildSettings = {
				ASSETCATALOG_COMPILER_APPICON_NAME = AppIcon;
				CODE_SIGN_STYLE = Automatic;
				DEVELOPMENT_TEAM = 5P26NUF2Q4;
				INFOPLIST_FILE = CardViews/Info.plist;
				LD_RUNPATH_SEARCH_PATHS = (
					"$(inherited)",
					"@executable_path/Frameworks",
				);
				PRODUCT_BUNDLE_IDENTIFIER = com.cards.CardViews;
				PRODUCT_NAME = "$(TARGET_NAME)";
				SWIFT_VERSION = 5.0;
				TARGETED_DEVICE_FAMILY = "1,2";
			};
			name = Release;
		};
/* End XCBuildConfiguration section */

/* Begin XCConfigurationList section */
		A95FE008245F1E8A00730804 /* Build configuration list for PBXProject "CardViews" */ = {
			isa = XCConfigurationList;
			buildConfigurations = (
				A95FE01F245F1E8F00730804 /* Debug */,
				A95FE020245F1E8F00730804 /* Release */,
			);
			defaultConfigurationIsVisible = 0;
			defaultConfigurationName = Release;
		};
		A95FE021245F1E8F00730804 /* Build configuration list for PBXNativeTarget "CardViews" */ = {
			isa = XCConfigurationList;
			buildConfigurations = (
				A95FE022245F1E8F00730804 /* Debug */,
				A95FE023245F1E8F00730804 /* Release */,
			);
			defaultConfigurationIsVisible = 0;
			defaultConfigurationName = Release;
		};
/* End XCConfigurationList section */
	};
	rootObject = A95FE005245F1E8A00730804 /* Project object */;
}
